
Microsoft Visual Studio Solution File, Format Version 12.00
# Visual Studio Version 17
VisualStudioVersion = 17.4.33103.184
MinimumVisualStudioVersion = 10.0.40219.1
Project("{FAE04EC0-301F-11D3-BF4B-00C04F79EFBC}") = "ToGoodToGo", "ToGoodToGo.csproj", "{54796AB9-0465-45F1-AF3C-A06402AD682B}"
EndProject
Global
	GlobalSection(SolutionConfigurationPlatforms) = preSolution
		Debug|Any CPU = Debug|Any CPU
		Release|Any CPU = Release|Any CPU
	EndGlobalSection
	GlobalSection(ProjectConfigurationPlatforms) = postSolution
		{54796AB9-0465-45F1-AF3C-A06402AD682B}.Debug|Any CPU.ActiveCfg = Debug|Any CPU
		{54796AB9-0465-45F1-AF3C-A06402AD682B}.Debug|Any CPU.Build.0 = Debug|Any CPU
		{54796AB9-0465-45F1-AF3C-A06402AD682B}.Release|Any CPU.ActiveCfg = Release|Any CPU
		{54796AB9-0465-45F1-AF3C-A06402AD682B}.Release|Any CPU.Build.0 = Release|Any CPU
	EndGlobalSection
	GlobalSection(SolutionProperties) = preSolution
		HideSolutionNode = FALSE
	EndGlobalSection
	GlobalSection(ExtensibilityGlobals) = postSolution
		SolutionGuid = {6E7EFC33-DBC5-4D0B-B90E-09563F4EA926}
	EndGlobalSection
EndGlobal
